
Microsoft Visual Studio Solution File, Format Version 12.00
# Visual Studio Version 17
VisualStudioVersion = 17.8.34309.116
MinimumVisualStudioVersion = 10.0.40219.1
Project("{9A19103F-16F7-4668-BE54-9A1E7A4F7556}") = "AdvaTask", "AdvaTask\AdvaTask.csproj", "{60A3328B-FED7-4AB0-81F4-C930F4B04F20}"
EndProject
Project("{9A19103F-16F7-4668-BE54-9A1E7A4F7556}") = "AdvaTaxk.DAL", "AdvaTaxk.DAL\AdvaTaxk.DAL.csproj", "{B1DE2E76-D766-4895-B08D-2DB583DEDF40}"
EndProject
Project("{9A19103F-16F7-4668-BE54-9A1E7A4F7556}") = "AdvaTask.Tables", "AdvaTask.Tables\AdvaTask.Tables.csproj", "{FA106475-8DDD-4B1F-A55A-45275C67A059}"
EndProject
Project("{9A19103F-16F7-4668-BE54-9A1E7A4F7556}") = "AdvaTask.Bll", "AdvaTaskBll\AdvaTask.Bll.csproj", "{3F729E4B-633A-40B1-ACC1-577773180351}"
EndProject
Project("{FAE04EC0-301F-11D3-BF4B-00C04F79EFBC}") = "AdvaTask.DTO", "AdvaTask.DTO\AdvaTask.DTO.csproj", "{239C1936-DC98-4F1F-B246-16B26F0749BD}"
EndProject
Global
	GlobalSection(SolutionConfigurationPlatforms) = preSolution
		Debug|Any CPU = Debug|Any CPU
		Release|Any CPU = Release|Any CPU
	EndGlobalSection
	GlobalSection(ProjectConfigurationPlatforms) = postSolution
		{60A3328B-FED7-4AB0-81F4-C930F4B04F20}.Debug|Any CPU.ActiveCfg = Debug|Any CPU
		{60A3328B-FED7-4AB0-81F4-C930F4B04F20}.Debug|Any CPU.Build.0 = Debug|Any CPU
		{60A3328B-FED7-4AB0-81F4-C930F4B04F20}.Release|Any CPU.ActiveCfg = Release|Any CPU
		{60A3328B-FED7-4AB0-81F4-C930F4B04F20}.Release|Any CPU.Build.0 = Release|Any CPU
		{B1DE2E76-D766-4895-B08D-2DB583DEDF40}.Debug|Any CPU.ActiveCfg = Debug|Any CPU
		{B1DE2E76-D766-4895-B08D-2DB583DEDF40}.Debug|Any CPU.Build.0 = Debug|Any CPU
		{B1DE2E76-D766-4895-B08D-2DB583DEDF40}.Release|Any CPU.ActiveCfg = Release|Any CPU
		{B1DE2E76-D766-4895-B08D-2DB583DEDF40}.Release|Any CPU.Build.0 = Release|Any CPU
		{FA106475-8DDD-4B1F-A55A-45275C67A059}.Debug|Any CPU.ActiveCfg = Debug|Any CPU
		{FA106475-8DDD-4B1F-A55A-45275C67A059}.Debug|Any CPU.Build.0 = Debug|Any CPU
		{FA106475-8DDD-4B1F-A55A-45275C67A059}.Release|Any CPU.ActiveCfg = Release|Any CPU
		{FA106475-8DDD-4B1F-A55A-45275C67A059}.Release|Any CPU.Build.0 = Release|Any CPU
		{3F729E4B-633A-40B1-ACC1-577773180351}.Debug|Any CPU.ActiveCfg = Debug|Any CPU
		{3F729E4B-633A-40B1-ACC1-577773180351}.Debug|Any CPU.Build.0 = Debug|Any CPU
		{3F729E4B-633A-40B1-ACC1-577773180351}.Release|Any CPU.ActiveCfg = Release|Any CPU
		{3F729E4B-633A-40B1-ACC1-577773180351}.Release|Any CPU.Build.0 = Release|Any CPU
		{239C1936-DC98-4F1F-B246-16B26F0749BD}.Debug|Any CPU.ActiveCfg = Debug|Any CPU
		{239C1936-DC98-4F1F-B246-16B26F0749BD}.Debug|Any CPU.Build.0 = Debug|Any CPU
		{239C1936-DC98-4F1F-B246-16B26F0749BD}.Release|Any CPU.ActiveCfg = Release|Any CPU
		{239C1936-DC98-4F1F-B246-16B26F0749BD}.Release|Any CPU.Build.0 = Release|Any CPU
	EndGlobalSection
	GlobalSection(SolutionProperties) = preSolution
		HideSolutionNode = FALSE
	EndGlobalSection
	GlobalSection(ExtensibilityGlobals) = postSolution
		SolutionGuid = {1586B929-ADA5-4186-9261-FD806106A8A9}
	EndGlobalSection
EndGlobal
